{
    "name": "chat",
    "version": "0.0.1",
    "lockfileVersion": 1,
    "requires": true,
    "dependencies": {
        "@sindresorhus/is": {
            "version": "0.7.0",
            "resolved": "https://registry.npmjs.org/@sindresorhus/is/-/is-0.7.0.tgz",
            "integrity": "sha512-ONhaKPIufzzrlNbqtWFFd+jlnemX6lJAgq9ZeiZtS7I1PIf/la7CW4m83rTXRnVnsMbW2k56pGYu7AUFJD9Pow=="
        },
        "accepts": {
            "version": "1.1.4",
            "resolved": "https://registry.npmjs.org/accepts/-/accepts-1.1.4.tgz",
            "integrity": "sha1-1xyW99QdD+2iw4zRToonwEFY30o=",
            "requires": {
                "mime-types": "~2.0.4",
                "negotiator": "0.4.9"
            }
        },
        "after": {
            "version": "0.8.1",
            "resolved": "https://registry.npmjs.org/after/-/after-0.8.1.tgz",
            "integrity": "sha1-q11PuIP1loFtNRX495HAr0ht1ic="
        },
        "arraybuffer.slice": {
            "version": "0.0.6",
            "resolved": "https://registry.npmjs.org/arraybuffer.slice/-/arraybuffer.slice-0.0.6.tgz",
            "integrity": "sha1-8zshWfBTKj8xB6JywMz70a0peco="
        },
        "base64-arraybuffer": {
            "version": "0.1.2",
            "resolved": "https://registry.npmjs.org/base64-arraybuffer/-/base64-arraybuffer-0.1.2.tgz",
            "integrity": "sha1-R030qfLaJOBd8xWMOx2zw81GoVQ="
        },
        "base64id": {
            "version": "0.1.0",
            "resolved": "https://registry.npmjs.org/base64id/-/base64id-0.1.0.tgz",
            "integrity": "sha1-As4P3u4M709ACA4ec+g08LG/zj8="
        },
        "benchmark": {
            "version": "1.0.0",
            "resolved": "https://registry.npmjs.org/benchmark/-/benchmark-1.0.0.tgz",
            "integrity": "sha1-Lx4vpMNZ8REiqhgwgiGOlX45DHM="
        },
        "better-assert": {
            "version": "1.0.2",
            "resolved": "https://registry.npmjs.org/better-assert/-/better-assert-1.0.2.tgz",
            "integrity": "sha1-QIZrnhueC1W0gYlDEeaPr/rrxSI=",
            "requires": {
                "callsite": "1.0.0"
            }
        },
        "blob": {
            "version": "0.0.2",
            "resolved": "https://registry.npmjs.org/blob/-/blob-0.0.2.tgz",
            "integrity": "sha1-uJVivWmUr5W6HoEhVVNjM6ojzyQ="
        },
        "cacheable-request": {
            "version": "2.1.4",
            "resolved": "https://registry.npmjs.org/cacheable-request/-/cacheable-request-2.1.4.tgz",
            "integrity": "sha1-DYCIAbY0KtM8kd+dC0TcCbkeXD0=",
            "requires": {
                "clone-response": "1.0.2",
                "get-stream": "3.0.0",
                "http-cache-semantics": "3.8.1",
                "keyv": "3.0.0",
                "lowercase-keys": "1.0.0",
                "normalize-url": "2.0.1",
                "responselike": "1.0.2"
            },
            "dependencies": {
                "lowercase-keys": {
                    "version": "1.0.0",
                    "resolved": "https://registry.npmjs.org/lowercase-keys/-/lowercase-keys-1.0.0.tgz",
                    "integrity": "sha1-TjNms55/VFfjXxMkvfb4jQv8cwY="
                }
            }
        },
        "callsite": {
            "version": "1.0.0",
            "resolved": "https://registry.npmjs.org/callsite/-/callsite-1.0.0.tgz",
            "integrity": "sha1-KAOY5dZkvXQDi28JBRU+borxvCA="
        },
        "clone-response": {
            "version": "1.0.2",
            "resolved": "https://registry.npmjs.org/clone-response/-/clone-response-1.0.2.tgz",
            "integrity": "sha1-0dyXOSAxTfZ/vrlCI7TuNQI56Ws=",
            "requires": {
                "mimic-response": "^1.0.0"
            }
        },
        "commander": {
            "version": "0.6.1",
            "resolved": "https://registry.npmjs.org/commander/-/commander-0.6.1.tgz",
            "integrity": "sha1-+mihT2qUXVTbvlDYzbMyDp47GgY="
        },
        "component-bind": {
            "version": "1.0.0",
            "resolved": "https://registry.npmjs.org/component-bind/-/component-bind-1.0.0.tgz",
            "integrity": "sha1-AMYIq33Nk4l8AAllGx06jh5zu9E="
        },
        "component-emitter": {
            "version": "1.1.2",
            "resolved": "https://registry.npmjs.org/component-emitter/-/component-emitter-1.1.2.tgz",
            "integrity": "sha1-KWWU8nU9qmOZbSrwjRWpURbJrsM="
        },
        "component-inherit": {
            "version": "0.0.3",
            "resolved": "https://registry.npmjs.org/component-inherit/-/component-inherit-0.0.3.tgz",
            "integrity": "sha1-ZF/ErfWLcrZJ1crmUTVhnbJv8UM="
        },
        "content-disposition": {
            "version": "0.5.0",
            "resolved": "https://registry.npmjs.org/content-disposition/-/content-disposition-0.5.0.tgz",
            "integrity": "sha1-QoT+auBjCHRjnkToCkGMKTQTXp4="
        },
        "cookie": {
            "version": "0.1.2",
            "resolved": "https://registry.npmjs.org/cookie/-/cookie-0.1.2.tgz",
            "integrity": "sha1-cv7D0k5Io0Mgc9kMEmQgBQYQBLE="
        },
        "cookie-signature": {
            "version": "1.0.5",
            "resolved": "https://registry.npmjs.org/cookie-signature/-/cookie-signature-1.0.5.tgz",
            "integrity": "sha1-oSLj8VA+yg9TVXlbBxG7I2jUUPk="
        },
        "core-util-is": {
            "version": "1.0.2",
            "resolved": "https://registry.npmjs.org/core-util-is/-/core-util-is-1.0.2.tgz",
            "integrity": "sha1-tf1UIgqivFq1eqtxQMlAdUUDwac="
        },
        "crc": {
            "version": "3.2.1",
            "resolved": "https://registry.npmjs.org/crc/-/crc-3.2.1.tgz",
            "integrity": "sha1-XZyPt3okXNXsopHl0tAFM0urAII="
        },
        "debug": {
            "version": "2.1.3",
            "resolved": "https://registry.npmjs.org/debug/-/debug-2.1.3.tgz",
            "integrity": "sha1-zoqxte6PvuK/o7Yzyrk9NmtjQY4=",
            "requires": {
                "ms": "0.7.0"
            }
        },
        "decode-uri-component": {
            "version": "0.2.0",
            "resolved": "https://registry.npmjs.org/decode-uri-component/-/decode-uri-component-0.2.0.tgz",
            "integrity": "sha1-6zkTMzRYd1y4TNGh+uBiEGu4dUU="
        },
        "decompress-response": {
            "version": "3.3.0",
            "resolved": "https://registry.npmjs.org/decompress-response/-/decompress-response-3.3.0.tgz",
            "integrity": "sha1-gKTdMjdIOEv6JICDYirt7Jgq3/M=",
            "requires": {
                "mimic-response": "^1.0.0"
            }
        },
        "depd": {
            "version": "1.0.1",
            "resolved": "https://registry.npmjs.org/depd/-/depd-1.0.1.tgz",
            "integrity": "sha1-gK7GTJ1tl+ZcwqnKqTwKpqv3Oqo="
        },
        "destroy": {
            "version": "1.0.3",
            "resolved": "https://registry.npmjs.org/destroy/-/destroy-1.0.3.tgz",
            "integrity": "sha1-tDO0ck5x/YVR2YhRdIUcX8N34sk="
        },
        "duplexer3": {
            "version": "0.1.4",
            "resolved": "https://registry.npmjs.org/duplexer3/-/duplexer3-0.1.4.tgz",
            "integrity": "sha1-7gHdHKwO08vH/b6jfcCo8c4ALOI="
        },
        "ee-first": {
            "version": "1.1.0",
            "resolved": "https://registry.npmjs.org/ee-first/-/ee-first-1.1.0.tgz",
            "integrity": "sha1-ag18YiHkkP7v2S7D9EHJzozQl/Q="
        },
        "engine.io": {
            "version": "1.4.2",
            "resolved": "https://registry.npmjs.org/engine.io/-/engine.io-1.4.2.tgz",
            "integrity": "sha1-Dmmw97V+HZ39a1cmCrsgTLnenXM=",
            "requires": {
                "base64id": "0.1.0",
                "debug": "1.0.3",
                "engine.io-parser": "1.1.0",
                "ws": "0.4.31"
            },
            "dependencies": {
                "debug": {
                    "version": "1.0.3",
                    "resolved": "https://registry.npmjs.org/debug/-/debug-1.0.3.tgz",
                    "integrity": "sha1-/IxrLWACgEtAgcAgjg9kYLofo+Q=",
                    "requires": {
                        "ms": "0.6.2"
                    }
                },
                "ms": {
                    "version": "0.6.2",
                    "resolved": "https://registry.npmjs.org/ms/-/ms-0.6.2.tgz",
                    "integrity": "sha1-2JwhJMb9wTU9Zai3e/GqxLGTcIw="
                }
            }
        },
        "engine.io-client": {
            "version": "1.4.2",
            "resolved": "https://registry.npmjs.org/engine.io-client/-/engine.io-client-1.4.2.tgz",
            "integrity": "sha1-x6wADm3wWxyjWPBgx5md+RFMzx4=",
            "requires": {
                "component-emitter": "1.1.2",
                "component-inherit": "0.0.3",
                "debug": "0.7.4",
                "engine.io-parser": "1.1.0",
                "has-cors": "1.0.3",
                "indexof": "0.0.1",
                "parsejson": "0.0.1",
                "parseqs": "0.0.2",
                "parseuri": "0.0.4",
                "ws": "0.4.31",
                "xmlhttprequest": "https://github.com/LearnBoost/node-XMLHttpRequest/archive/0f36d0b5ebc03d85f860d42a64ae9791e1daa433.tar.gz"
            },
            "dependencies": {
                "debug": {
                    "version": "0.7.4",
                    "resolved": "https://registry.npmjs.org/debug/-/debug-0.7.4.tgz",
                    "integrity": "sha1-BuHqgILCyxTjmAbiLi9vdX+Srzk="
                },
                "parseuri": {
                    "version": "0.0.4",
                    "resolved": "https://registry.npmjs.org/parseuri/-/parseuri-0.0.4.tgz",
                    "integrity": "sha1-gGWCo5iH4eoY3V4v4OAZAiaOk1A=",
                    "requires": {
                        "better-assert": "~1.0.0"
                    }
                }
            }
        },
        "engine.io-parser": {
            "version": "1.1.0",
            "resolved": "https://registry.npmjs.org/engine.io-parser/-/engine.io-parser-1.1.0.tgz",
            "integrity": "sha1-OaL3seiZj6EkX7yR4TUEuMkvN1U=",
            "requires": {
                "after": "0.8.1",
                "arraybuffer.slice": "0.0.6",
                "base64-arraybuffer": "0.1.2",
                "blob": "0.0.2",
                "utf8": "2.0.0"
            }
        },
        "escape-html": {
            "version": "1.0.1",
            "resolved": "https://registry.npmjs.org/escape-html/-/escape-html-1.0.1.tgz",
            "integrity": "sha1-GBoobq05ejmpKFfPsdQwUuNWv/A="
        },
        "etag": {
            "version": "1.5.1",
            "resolved": "https://registry.npmjs.org/etag/-/etag-1.5.1.tgz",
            "integrity": "sha1-VMUN4E7kJpVWKSWsVmWIKRvn6eo=",
            "requires": {
                "crc": "3.2.1"
            }
        },
        "express": {
            "version": "4.10.2",
            "resolved": "https://registry.npmjs.org/express/-/express-4.10.2.tgz",
            "integrity": "sha1-3wbd6U2WiTKCnUQKIATF7+ZElbA=",
            "requires": {
                "accepts": "~1.1.3",
                "content-disposition": "0.5.0",
                "cookie": "0.1.2",
                "cookie-signature": "1.0.5",
                "debug": "~2.1.0",
                "depd": "~1.0.0",
                "escape-html": "1.0.1",
                "etag": "~1.5.0",
                "finalhandler": "0.3.2",
                "fresh": "0.2.4",
                "media-typer": "0.3.0",
                "merge-descriptors": "0.0.2",
                "methods": "1.1.0",
                "on-finished": "~2.1.1",
                "parseurl": "~1.3.0",
                "path-to-regexp": "0.1.3",
                "proxy-addr": "~1.0.3",
                "qs": "2.3.2",
                "range-parser": "~1.0.2",
                "send": "0.10.1",
                "serve-static": "~1.7.1",
                "type-is": "~1.5.3",
                "utils-merge": "1.0.0",
                "vary": "~1.0.0"
            }
        },
        "finalhandler": {
            "version": "0.3.2",
            "resolved": "https://registry.npmjs.org/finalhandler/-/finalhandler-0.3.2.tgz",
            "integrity": "sha1-ezibD9Nkem+QvVZOImJL+KSnf7U=",
            "requires": {
                "debug": "~2.1.0",
                "escape-html": "1.0.1",
                "on-finished": "~2.1.1"
            }
        },
        "forwarded": {
            "version": "0.1.2",
            "resolved": "https://registry.npmjs.org/forwarded/-/forwarded-0.1.2.tgz",
            "integrity": "sha1-mMI9qxF1ZXuMBXPozszZGw/xjIQ="
        },
        "fresh": {
            "version": "0.2.4",
            "resolved": "https://registry.npmjs.org/fresh/-/fresh-0.2.4.tgz",
            "integrity": "sha1-NYJJkgbJcjcUGQ7ddLRgT+tKYUw="
        },
        "from2": {
            "version": "2.3.0",
            "resolved": "https://registry.npmjs.org/from2/-/from2-2.3.0.tgz",
            "integrity": "sha1-i/tVAr3kpNNs/e6gB/zKIdfjgq8=",
            "requires": {
                "inherits": "^2.0.1",
                "readable-stream": "^2.0.0"
            }
        },
        "get-stream": {
            "version": "3.0.0",
            "resolved": "https://registry.npmjs.org/get-stream/-/get-stream-3.0.0.tgz",
            "integrity": "sha1-jpQ9E1jcN1VQVOy+LtsFqhdO3hQ="
        },
        "global": {
            "version": "https://github.com/component/global/archive/v2.0.1.tar.gz",
            "integrity": "sha512-O91OcV/NbdmQJPHaRu2ekSP7bqFRLWgqSwaJvqHPZHUwmHBagQYTOra29+LnzzG3lZkXH1ANzHzfCxtAPM9HMA=="
        },
        "got": {
            "version": "8.3.1",
            "resolved": "https://registry.npmjs.org/got/-/got-8.3.1.tgz",
            "integrity": "sha512-tiLX+bnYm5A56T5N/n9Xo89vMaO1mrS9qoDqj3u/anVooqGozvY/HbXzEpDfbNeKsHCBpK40gSbz8wGYSp3i1w==",
            "requires": {
                "@sindresorhus/is": "^0.7.0",
                "cacheable-request": "^2.1.1",
                "decompress-response": "^3.3.0",
                "duplexer3": "^0.1.4",
                "get-stream": "^3.0.0",
                "into-stream": "^3.1.0",
                "is-retry-allowed": "^1.1.0",
                "isurl": "^1.0.0-alpha5",
                "lowercase-keys": "^1.0.0",
                "mimic-response": "^1.0.0",
                "p-cancelable": "^0.4.0",
                "p-timeout": "^2.0.1",
                "pify": "^3.0.0",
                "safe-buffer": "^5.1.1",
                "timed-out": "^4.0.1",
                "url-parse-lax": "^3.0.0",
                "url-to-options": "^1.0.1"
            }
        },
        "has-binary": {
            "version": "0.1.5",
            "resolved": "https://registry.npmjs.org/has-binary/-/has-binary-0.1.5.tgz",
            "integrity": "sha1-ledXIP8xtyo7qJpbbc4ILkvGRn8=",
            "requires": {
                "isarray": "0.0.1"
            }
        },
        "has-binary-data": {
            "version": "0.1.3",
            "resolved": "https://registry.npmjs.org/has-binary-data/-/has-binary-data-0.1.3.tgz",
            "integrity": "sha1-jrsYOItX8ZpSMSdaFvwY1R83mq4=",
            "requires": {
                "isarray": "0.0.1"
            }
        },
        "has-cors": {
            "version": "1.0.3",
            "resolved": "https://registry.npmjs.org/has-cors/-/has-cors-1.0.3.tgz",
            "integrity": "sha1-UCrLmzEE2sM90mMOry+IiwuvTLM=",
            "requires": {
                "global": "https://github.com/component/global/archive/v2.0.1.tar.gz"
            }
        },
        "has-symbol-support-x": {
            "version": "1.4.2",
            "resolved": "https://registry.npmjs.org/has-symbol-support-x/-/has-symbol-support-x-1.4.2.tgz",
            "integrity": "sha512-3ToOva++HaW+eCpgqZrCfN51IPB+7bJNVT6CUATzueB5Heb8o6Nam0V3HG5dlDvZU1Gn5QLcbahiKw/XVk5JJw=="
        },
        "has-to-string-tag-x": {
            "version": "1.4.1",
            "resolved": "https://registry.npmjs.org/has-to-string-tag-x/-/has-to-string-tag-x-1.4.1.tgz",
            "integrity": "sha512-vdbKfmw+3LoOYVr+mtxHaX5a96+0f3DljYd8JOqvOLsf5mw2Otda2qCDT9qRqLAhrjyQ0h7ual5nOiASpsGNFw==",
            "requires": {
                "has-symbol-support-x": "^1.4.1"
            }
        },
        "http-cache-semantics": {
            "version": "3.8.1",
            "resolved": "https://registry.npmjs.org/http-cache-semantics/-/http-cache-semantics-3.8.1.tgz",
            "integrity": "sha512-5ai2iksyV8ZXmnZhHH4rWPoxxistEexSi5936zIQ1bnNTW5VnA85B6P/VpXiRM017IgRvb2kKo1a//y+0wSp3w=="
        },
        "indexof": {
            "version": "0.0.1",
            "resolved": "https://registry.npmjs.org/indexof/-/indexof-0.0.1.tgz",
            "integrity": "sha1-gtwzbSMrkGIXnQWrMpOmYFn9Q10="
        },
        "inherits": {
            "version": "2.0.3",
            "resolved": "https://registry.npmjs.org/inherits/-/inherits-2.0.3.tgz",
            "integrity": "sha1-Yzwsg+PaQqUC9SRmAiSA9CCCYd4="
        },
        "into-stream": {
            "version": "3.1.0",
            "resolved": "https://registry.npmjs.org/into-stream/-/into-stream-3.1.0.tgz",
            "integrity": "sha1-lvsKk2wSur1v8XUqF9BWFqvQlMY=",
            "requires": {
                "from2": "^2.1.1",
                "p-is-promise": "^1.1.0"
            }
        },
        "ipaddr.js": {
            "version": "1.0.5",
            "resolved": "https://registry.npmjs.org/ipaddr.js/-/ipaddr.js-1.0.5.tgz",
            "integrity": "sha1-X6eM8wG4JceKvDBC2BJyMEnqI8c="
        },
        "is-object": {
            "version": "1.0.1",
            "resolved": "https://registry.npmjs.org/is-object/-/is-object-1.0.1.tgz",
            "integrity": "sha1-iVJojF7C/9awPsyF52ngKQMINHA="
        },
        "is-plain-obj": {
            "version": "1.1.0",
            "resolved": "https://registry.npmjs.org/is-plain-obj/-/is-plain-obj-1.1.0.tgz",
            "integrity": "sha1-caUMhCnfync8kqOQpKA7OfzVHT4="
        },
        "is-retry-allowed": {
            "version": "1.1.0",
            "resolved": "https://registry.npmjs.org/is-retry-allowed/-/is-retry-allowed-1.1.0.tgz",
            "integrity": "sha1-EaBgVotnM5REAz0BJaYaINVk+zQ="
        },
        "isarray": {
            "version": "0.0.1",
            "resolved": "https://registry.npmjs.org/isarray/-/isarray-0.0.1.tgz",
            "integrity": "sha1-ihis/Kmo9Bd+Cav8YDiTmwXR7t8="
        },
        "isurl": {
            "version": "1.0.0",
            "resolved": "https://registry.npmjs.org/isurl/-/isurl-1.0.0.tgz",
            "integrity": "sha512-1P/yWsxPlDtn7QeRD+ULKQPaIaN6yF368GZ2vDfv0AL0NwpStafjWCDDdn0k8wgFMWpVAqG7oJhxHnlud42i9w==",
            "requires": {
                "has-to-string-tag-x": "^1.2.0",
                "is-object": "^1.0.1"
            }
        },
        "json-buffer": {
            "version": "3.0.0",
            "resolved": "https://registry.npmjs.org/json-buffer/-/json-buffer-3.0.0.tgz",
            "integrity": "sha1-Wx85evx11ne96Lz8Dkfh+aPZqJg="
        },
        "json3": {
            "version": "3.2.6",
            "resolved": "https://registry.npmjs.org/json3/-/json3-3.2.6.tgz",
            "integrity": "sha1-9u/JPAagTemuxTBT3yVZuxniA4s="
        },
        "keyv": {
            "version": "3.0.0",
            "resolved": "https://registry.npmjs.org/keyv/-/keyv-3.0.0.tgz",
            "integrity": "sha512-eguHnq22OE3uVoSYG0LVWNP+4ppamWr9+zWBe1bsNcovIMy6huUJFPgy4mGwCd/rnl3vOLGW1MTlu4c57CT1xA==",
            "requires": {
                "json-buffer": "3.0.0"
            }
        },
        "lodash": {
            "version": "4.17.10",
            "resolved": "https://registry.npmjs.org/lodash/-/lodash-4.17.10.tgz",
            "integrity": "sha512-UejweD1pDoXu+AD825lWwp4ZGtSwgnpZxb3JDViD7StjQz+Nb/6l093lx4OQ0foGWNRoc19mWy7BzL+UAK2iVg=="
        },
        "lowercase-keys": {
            "version": "1.0.1",
            "resolved": "https://registry.npmjs.org/lowercase-keys/-/lowercase-keys-1.0.1.tgz",
            "integrity": "sha512-G2Lj61tXDnVFFOi8VZds+SoQjtQC3dgokKdDG2mTm1tx4m50NUHBOZSBwQQHyy0V12A0JTG4icfZQH+xPyh8VA=="
        },
        "media-typer": {
            "version": "0.3.0",
            "resolved": "https://registry.npmjs.org/media-typer/-/media-typer-0.3.0.tgz",
            "integrity": "sha1-hxDXrwqmJvj/+hzgAWhUUmMlV0g="
        },
        "merge-descriptors": {
            "version": "0.0.2",
            "resolved": "https://registry.npmjs.org/merge-descriptors/-/merge-descriptors-0.0.2.tgz",
            "integrity": "sha1-w2pSp4FDdRPFcnXzndnTF1FKyMc="
        },
        "methods": {
            "version": "1.1.0",
            "resolved": "https://registry.npmjs.org/methods/-/methods-1.1.0.tgz",
            "integrity": "sha1-XcpO4S31L/OwVhRZhqjwHLyGQ28="
        },
        "mime": {
            "version": "1.2.11",
            "resolved": "https://registry.npmjs.org/mime/-/mime-1.2.11.tgz",
            "integrity": "sha1-WCA+7Ybjpe8XrtK32evUfwpg3RA="
        },
        "mime-db": {
            "version": "1.12.0",
            "resolved": "https://registry.npmjs.org/mime-db/-/mime-db-1.12.0.tgz",
            "integrity": "sha1-PQxjGA9FjrENMlqqN9fFiuMS6dc="
        },
        "mime-types": {
            "version": "2.0.14",
            "resolved": "https://registry.npmjs.org/mime-types/-/mime-types-2.0.14.tgz",
            "integrity": "sha1-MQ4VnbI+B3+Lsit0jav6SVcUCqY=",
            "requires": {
                "mime-db": "~1.12.0"
            }
        },
        "mimic-response": {
            "version": "1.0.0",
            "resolved": "https://registry.npmjs.org/mimic-response/-/mimic-response-1.0.0.tgz",
            "integrity": "sha1-3z02Uqc/3ta5sLJBRub9BSNTRY4="
        },
        "ms": {
            "version": "0.7.0",
            "resolved": "https://registry.npmjs.org/ms/-/ms-0.7.0.tgz",
            "integrity": "sha1-hlvpTC5zl62KV9pqYzpuLzB5i4M="
        },
        "musicmatch": {
            "version": "0.3.2",
            "resolved": "https://registry.npmjs.org/musicmatch/-/musicmatch-0.3.2.tgz",
            "integrity": "sha512-O+Q5MwPUTkvuJePqowUKlk/wJXAZ7Z07qyLBmPgPvo6kHsrEXh0GF+be68h4TyaBKBgyYBrTkVGcVKxu25Amvw==",
            "requires": {
                "got": "^8.3.1",
                "query-parse": "^2.0.0"
            }
        },
        "nan": {
            "version": "0.3.2",
            "resolved": "https://registry.npmjs.org/nan/-/nan-0.3.2.tgz",
            "integrity": "sha1-DfGTXKsVNpB17xYK0olBB6oU3C0="
        },
        "negotiator": {
            "version": "0.4.9",
            "resolved": "https://registry.npmjs.org/negotiator/-/negotiator-0.4.9.tgz",
            "integrity": "sha1-kuRrbbU8fkIe1koryU8IvnYw3z8="
        },
        "normalize-url": {
            "version": "2.0.1",
            "resolved": "https://registry.npmjs.org/normalize-url/-/normalize-url-2.0.1.tgz",
            "integrity": "sha512-D6MUW4K/VzoJ4rJ01JFKxDrtY1v9wrgzCX5f2qj/lzH1m/lW6MhUZFKerVsnyjOhOsYzI9Kqqak+10l4LvLpMw==",
            "requires": {
                "prepend-http": "^2.0.0",
                "query-string": "^5.0.1",
                "sort-keys": "^2.0.0"
            }
        },
        "object-assign": {
            "version": "4.1.1",
            "resolved": "https://registry.npmjs.org/object-assign/-/object-assign-4.1.1.tgz",
            "integrity": "sha1-IQmtx5ZYh8/AXLvUQsrIv7s2CGM="
        },
        "object-component": {
            "version": "0.0.3",
            "resolved": "https://registry.npmjs.org/object-component/-/object-component-0.0.3.tgz",
            "integrity": "sha1-8MaapQ78lbhmwYb0AKM3acsvEpE="
        },
        "object-keys": {
            "version": "1.0.1",
            "resolved": "https://registry.npmjs.org/object-keys/-/object-keys-1.0.1.tgz",
            "integrity": "sha1-VYAuhYQsJru167wVer874wJWm6g="
        },
        "on-finished": {
            "version": "2.1.1",
            "resolved": "https://registry.npmjs.org/on-finished/-/on-finished-2.1.1.tgz",
            "integrity": "sha1-+CyhyeOk8yhrG5k4YQ5bhja9PLI=",
            "requires": {
                "ee-first": "1.1.0"
            }
        },
        "options": {
            "version": "0.0.6",
            "resolved": "https://registry.npmjs.org/options/-/options-0.0.6.tgz",
            "integrity": "sha1-7CLTEoBrtT5zF3Pnza788cZDEo8="
        },
        "p-cancelable": {
            "version": "0.4.1",
            "resolved": "https://registry.npmjs.org/p-cancelable/-/p-cancelable-0.4.1.tgz",
            "integrity": "sha512-HNa1A8LvB1kie7cERyy21VNeHb2CWJJYqyyC2o3klWFfMGlFmWv2Z7sFgZH8ZiaYL95ydToKTFVXgMV/Os0bBQ=="
        },
        "p-finally": {
            "version": "1.0.0",
            "resolved": "https://registry.npmjs.org/p-finally/-/p-finally-1.0.0.tgz",
            "integrity": "sha1-P7z7FbiZpEEjs0ttzBi3JDNqLK4="
        },
        "p-is-promise": {
            "version": "1.1.0",
            "resolved": "https://registry.npmjs.org/p-is-promise/-/p-is-promise-1.1.0.tgz",
            "integrity": "sha1-nJRWmJ6fZYgBewQ01WCXZ1w9oF4="
        },
        "p-timeout": {
            "version": "2.0.1",
            "resolved": "https://registry.npmjs.org/p-timeout/-/p-timeout-2.0.1.tgz",
            "integrity": "sha512-88em58dDVB/KzPEx1X0N3LwFfYZPyDc4B6eF38M1rk9VTZMbxXXgjugz8mmwpS9Ox4BDZ+t6t3QP5+/gazweIA==",
            "requires": {
                "p-finally": "^1.0.0"
            }
        },
        "parsejson": {
            "version": "0.0.1",
            "resolved": "https://registry.npmjs.org/parsejson/-/parsejson-0.0.1.tgz",
            "integrity": "sha1-mxDGwNglq1ieaFFTgm3go7oni8w=",
            "requires": {
                "better-assert": "~1.0.0"
            }
        },
        "parseqs": {
            "version": "0.0.2",
            "resolved": "https://registry.npmjs.org/parseqs/-/parseqs-0.0.2.tgz",
            "integrity": "sha1-nf5wss3aw4i95PNbHyQPpYrb5sc=",
            "requires": {
                "better-assert": "~1.0.0"
            }
        },
        "parseuri": {
            "version": "0.0.2",
            "resolved": "https://registry.npmjs.org/parseuri/-/parseuri-0.0.2.tgz",
            "integrity": "sha1-20GHjy1pZHGL6HCzFAlz2Ak74VY=",
            "requires": {
                "better-assert": "~1.0.0"
            }
        },
        "parseurl": {
            "version": "1.3.2",
            "resolved": "https://registry.npmjs.org/parseurl/-/parseurl-1.3.2.tgz",
            "integrity": "sha1-/CidTtiZMRlGDBViUyYs3I3mW/M="
        },
        "path-to-regexp": {
            "version": "0.1.3",
            "resolved": "https://registry.npmjs.org/path-to-regexp/-/path-to-regexp-0.1.3.tgz",
            "integrity": "sha1-IbmrgidCed4lsVbqCP0SylG4rss="
        },
        "pify": {
            "version": "3.0.0",
            "resolved": "https://registry.npmjs.org/pify/-/pify-3.0.0.tgz",
            "integrity": "sha1-5aSs0sEB/fPZpNB/DbxNtJ3SgXY="
        },
        "prepend-http": {
            "version": "2.0.0",
            "resolved": "https://registry.npmjs.org/prepend-http/-/prepend-http-2.0.0.tgz",
            "integrity": "sha1-6SQ0v6XqjBn0HN/UAddBo8gZ2Jc="
        },
        "process-nextick-args": {
            "version": "2.0.0",
            "resolved": "https://registry.npmjs.org/process-nextick-args/-/process-nextick-args-2.0.0.tgz",
            "integrity": "sha512-MtEC1TqN0EU5nephaJ4rAtThHtC86dNN9qCuEhtshvpVBkAW5ZO7BASN9REnF9eoXGcRub+pFuKEpOHE+HbEMw=="
        },
        "proxy-addr": {
            "version": "1.0.10",
            "resolved": "https://registry.npmjs.org/proxy-addr/-/proxy-addr-1.0.10.tgz",
            "integrity": "sha1-DUCoL4Afw1VWfS7LZe/j8HfxIcU=",
            "requires": {
                "forwarded": "~0.1.0",
                "ipaddr.js": "1.0.5"
            }
        },
        "qs": {
            "version": "2.3.2",
            "resolved": "https://registry.npmjs.org/qs/-/qs-2.3.2.tgz",
            "integrity": "sha1-1F7CSeS5sCmvAIgpoQHV/36XJ5A="
        },
        "query-parse": {
            "version": "2.0.0",
            "resolved": "https://registry.npmjs.org/query-parse/-/query-parse-2.0.0.tgz",
            "integrity": "sha512-mabTzsUZo6OnNvJ7zr6v0cCVtxZT7ZUw/39wJU33c8VOFYRqW9+eNkWNhsfGqTc2OKZaghbWjn6Cwtut+FzsdA==",
            "requires": {
                "lodash": "^4.17.4"
            }
        },
        "query-string": {
            "version": "5.1.1",
            "resolved": "https://registry.npmjs.org/query-string/-/query-string-5.1.1.tgz",
            "integrity": "sha512-gjWOsm2SoGlgLEdAGt7a6slVOk9mGiXmPFMqrEhLQ68rhQuBnpfs3+EmlvqKyxnCo9/PPlF+9MtY02S1aFg+Jw==",
            "requires": {
                "decode-uri-component": "^0.2.0",
                "object-assign": "^4.1.0",
                "strict-uri-encode": "^1.0.0"
            }
        },
        "range-parser": {
            "version": "1.0.3",
            "resolved": "https://registry.npmjs.org/range-parser/-/range-parser-1.0.3.tgz",
            "integrity": "sha1-aHKCNTXGkuLCoBA4Jq/YLC4P8XU="
        },
        "readable-stream": {
            "version": "2.3.6",
            "resolved": "https://registry.npmjs.org/readable-stream/-/readable-stream-2.3.6.tgz",
            "integrity": "sha512-tQtKA9WIAhBF3+VLAseyMqZeBjW0AHJoxOtYqSUZNJxauErmLbVm2FW1y+J/YA9dUrAC39ITejlZWhVIwawkKw==",
            "requires": {
                "core-util-is": "~1.0.0",
                "inherits": "~2.0.3",
                "isarray": "~1.0.0",
                "process-nextick-args": "~2.0.0",
                "safe-buffer": "~5.1.1",
                "string_decoder": "~1.1.1",
                "util-deprecate": "~1.0.1"
            },
            "dependencies": {
                "isarray": {
                    "version": "1.0.0",
                    "resolved": "https://registry.npmjs.org/isarray/-/isarray-1.0.0.tgz",
                    "integrity": "sha1-u5NdSFgsuhaMBoNJV6VKPgcSTxE="
                }
            }
        },
        "responselike": {
            "version": "1.0.2",
            "resolved": "https://registry.npmjs.org/responselike/-/responselike-1.0.2.tgz",
            "integrity": "sha1-kYcg7ztjHFZCvgaPFa3lpG9Loec=",
            "requires": {
                "lowercase-keys": "^1.0.0"
            }
        },
        "safe-buffer": {
            "version": "5.1.2",
            "resolved": "https://registry.npmjs.org/safe-buffer/-/safe-buffer-5.1.2.tgz",
            "integrity": "sha512-Gd2UZBJDkXlY7GbJxfsE8/nvKkUEU1G38c1siN6QP6a9PT9MmHB8GnpscSmMJSoF8LOIrt8ud/wPtojys4G6+g=="
        },
        "send": {
            "version": "0.10.1",
            "resolved": "https://registry.npmjs.org/send/-/send-0.10.1.tgz",
            "integrity": "sha1-d0XFDscvEVEVmA6PsXmuwBkA4Io=",
            "requires": {
                "debug": "~2.1.0",
                "depd": "~1.0.0",
                "destroy": "1.0.3",
                "escape-html": "1.0.1",
                "etag": "~1.5.0",
                "fresh": "0.2.4",
                "mime": "1.2.11",
                "ms": "0.6.2",
                "on-finished": "~2.1.1",
                "range-parser": "~1.0.2"
            },
            "dependencies": {
                "ms": {
                    "version": "0.6.2",
                    "resolved": "https://registry.npmjs.org/ms/-/ms-0.6.2.tgz",
                    "integrity": "sha1-2JwhJMb9wTU9Zai3e/GqxLGTcIw="
                }
            }
        },
        "serve-static": {
            "version": "1.7.2",
            "resolved": "https://registry.npmjs.org/serve-static/-/serve-static-1.7.2.tgz",
            "integrity": "sha1-MWTOBtTmw0Wb3MnWAY+0+zXoSzk=",
            "requires": {
                "escape-html": "1.0.1",
                "parseurl": "~1.3.0",
                "send": "0.10.1",
                "utils-merge": "1.0.0"
            }
        },
        "socket.io": {
            "version": "1.2.0",
            "resolved": "https://registry.npmjs.org/socket.io/-/socket.io-1.2.0.tgz",
            "integrity": "sha1-AvAP/CRiYpT0aSTUwlzjWpuUB4k=",
            "requires": {
                "debug": "0.7.4",
                "engine.io": "1.4.2",
                "has-binary-data": "0.1.3",
                "socket.io-adapter": "0.3.1",
                "socket.io-client": "1.2.0",
                "socket.io-parser": "2.2.2"
            },
            "dependencies": {
                "debug": {
                    "version": "0.7.4",
                    "resolved": "https://registry.npmjs.org/debug/-/debug-0.7.4.tgz",
                    "integrity": "sha1-BuHqgILCyxTjmAbiLi9vdX+Srzk="
                }
            }
        },
        "socket.io-adapter": {
            "version": "0.3.1",
            "resolved": "https://registry.npmjs.org/socket.io-adapter/-/socket.io-adapter-0.3.1.tgz",
            "integrity": "sha1-34H5cLTfZJOQLZPlGce3J1XDqVg=",
            "requires": {
                "debug": "1.0.2",
                "object-keys": "1.0.1",
                "socket.io-parser": "2.2.2"
            },
            "dependencies": {
                "debug": {
                    "version": "1.0.2",
                    "resolved": "https://registry.npmjs.org/debug/-/debug-1.0.2.tgz",
                    "integrity": "sha1-OElZHBDM5khHbDx8Li40FttZY8Q=",
                    "requires": {
                        "ms": "0.6.2"
                    }
                },
                "ms": {
                    "version": "0.6.2",
                    "resolved": "https://registry.npmjs.org/ms/-/ms-0.6.2.tgz",
                    "integrity": "sha1-2JwhJMb9wTU9Zai3e/GqxLGTcIw="
                }
            }
        },
        "socket.io-client": {
            "version": "1.2.0",
            "resolved": "https://registry.npmjs.org/socket.io-client/-/socket.io-client-1.2.0.tgz",
            "integrity": "sha1-Emi9P7GC//OvpE4SbxIw1juNFh0=",
            "requires": {
                "component-bind": "1.0.0",
                "component-emitter": "1.1.2",
                "debug": "0.7.4",
                "engine.io-client": "1.4.2",
                "has-binary": "0.1.5",
                "indexof": "0.0.1",
                "object-component": "0.0.3",
                "parseuri": "0.0.2",
                "socket.io-parser": "2.2.2",
                "to-array": "0.1.3"
            },
            "dependencies": {
                "debug": {
                    "version": "0.7.4",
                    "resolved": "https://registry.npmjs.org/debug/-/debug-0.7.4.tgz",
                    "integrity": "sha1-BuHqgILCyxTjmAbiLi9vdX+Srzk="
                }
            }
        },
        "socket.io-parser": {
            "version": "2.2.2",
            "resolved": "https://registry.npmjs.org/socket.io-parser/-/socket.io-parser-2.2.2.tgz",
            "integrity": "sha1-PXr2tkSX6Va32f53X5mXFgJ/lBc=",
            "requires": {
                "benchmark": "1.0.0",
                "component-emitter": "1.1.2",
                "debug": "0.7.4",
                "isarray": "0.0.1",
                "json3": "3.2.6"
            },
            "dependencies": {
                "debug": {
                    "version": "0.7.4",
                    "resolved": "https://registry.npmjs.org/debug/-/debug-0.7.4.tgz",
                    "integrity": "sha1-BuHqgILCyxTjmAbiLi9vdX+Srzk="
                }
            }
        },
        "sort-keys": {
            "version": "2.0.0",
            "resolved": "https://registry.npmjs.org/sort-keys/-/sort-keys-2.0.0.tgz",
            "integrity": "sha1-ZYU1WEhh7JfXMNbPQYIuH1ZoQSg=",
            "requires": {
                "is-plain-obj": "^1.0.0"
            }
        },
        "strict-uri-encode": {
            "version": "1.1.0",
            "resolved": "https://registry.npmjs.org/strict-uri-encode/-/strict-uri-encode-1.1.0.tgz",
            "integrity": "sha1-J5siXfHVgrH1TmWt3UNS4Y+qBxM="
        },
        "string_decoder": {
            "version": "1.1.1",
            "resolved": "https://registry.npmjs.org/string_decoder/-/string_decoder-1.1.1.tgz",
            "integrity": "sha512-n/ShnvDi6FHbbVfviro+WojiFzv+s8MPMHBczVePfUpDJLwoLT0ht1l4YwBCbi8pJAveEEdnkHyPyTP/mzRfwg==",
            "requires": {
                "safe-buffer": "~5.1.0"
            }
        },
        "timed-out": {
            "version": "4.0.1",
            "resolved": "https://registry.npmjs.org/timed-out/-/timed-out-4.0.1.tgz",
            "integrity": "sha1-8y6srFoXW+ol1/q1Zas+2HQe9W8="
        },
        "tinycolor": {
            "version": "0.0.1",
            "resolved": "https://registry.npmjs.org/tinycolor/-/tinycolor-0.0.1.tgz",
            "integrity": "sha1-MgtaUtg6u1l42Bo+iH1K77FaYWQ="
        },
        "to-array": {
            "version": "0.1.3",
            "resolved": "https://registry.npmjs.org/to-array/-/to-array-0.1.3.tgz",
            "integrity": "sha1-1F2txjY0F/YPKEdP6lDs3btPSZE="
        },
        "type-is": {
            "version": "1.5.7",
            "resolved": "https://registry.npmjs.org/type-is/-/type-is-1.5.7.tgz",
            "integrity": "sha1-uTaKWTzG730GReeLL0xky+zQXpA=",
            "requires": {
                "media-typer": "0.3.0",
                "mime-types": "~2.0.9"
            }
        },
        "url-parse-lax": {
            "version": "3.0.0",
            "resolved": "https://registry.npmjs.org/url-parse-lax/-/url-parse-lax-3.0.0.tgz",
            "integrity": "sha1-FrXK/Afb42dsGxmZF3gj1lA6yww=",
            "requires": {
                "prepend-http": "^2.0.0"
            }
        },
        "url-to-options": {
            "version": "1.0.1",
            "resolved": "https://registry.npmjs.org/url-to-options/-/url-to-options-1.0.1.tgz",
            "integrity": "sha1-FQWgOiiaSMvXpDTvuu7FBV9WM6k="
        },
        "utf8": {
            "version": "2.0.0",
            "resolved": "https://registry.npmjs.org/utf8/-/utf8-2.0.0.tgz",
            "integrity": "sha1-ec5Z7O2HSAnKuacfxxAsfUXUEY0="
        },
        "util-deprecate": {
            "version": "1.0.2",
            "resolved": "https://registry.npmjs.org/util-deprecate/-/util-deprecate-1.0.2.tgz",
            "integrity": "sha1-RQ1Nyfpw3nMnYvvS1KKJgUGaDM8="
        },
        "utils-merge": {
            "version": "1.0.0",
            "resolved": "https://registry.npmjs.org/utils-merge/-/utils-merge-1.0.0.tgz",
            "integrity": "sha1-ApT7kiu5N1FTVBxPcJYjHyh8ivg="
        },
        "vary": {
            "version": "1.0.1",
            "resolved": "https://registry.npmjs.org/vary/-/vary-1.0.1.tgz",
            "integrity": "sha1-meSYFWaihhGN+yuBc1ffeZM3bRA="
        },
        "ws": {
            "version": "0.4.31",
            "resolved": "https://registry.npmjs.org/ws/-/ws-0.4.31.tgz",
            "integrity": "sha1-WkhJ56nM0e1aga60hHyf7fMSKSc=",
            "requires": {
                "commander": "~0.6.1",
                "nan": "~0.3.0",
                "options": ">=0.0.5",
                "tinycolor": "0.x"
            }
        },
        "xmlhttprequest": {
            "version": "https://github.com/LearnBoost/node-XMLHttpRequest/archive/0f36d0b5ebc03d85f860d42a64ae9791e1daa433.tar.gz",
            "integrity": "sha512-TVSZwoeUQ7OKhb8jnQdSxGFz+lm4MGWmhG0deeYg85VQT74x5LcSrKeXHE0ZIzEycgqQ5mF8r8e1AykA7TpNAQ=="
        }
    }
}
